// !$*UTF8*$!
{
	archiveVersion = 1;
	classes = {
	};
	objectVersion = 46;
	objects = {

/* Begin PBXBuildFile section */
		C72B2EC11E2D7A2100E0292C /* AppDelegate.swift in Sources */ = {isa = PBXBuildFile; fileRef = C72B2EC01E2D7A2100E0292C /* AppDelegate.swift */; };
		C72B2EC31E2D7A2100E0292C /* ViewController.swift in Sources */ = {isa = PBXBuildFile; fileRef = C72B2EC21E2D7A2100E0292C /* ViewController.swift */; };
		C72B2EC61E2D7A2100E0292C /* Main.storyboard in Resources */ = {isa = PBXBuildFile; fileRef = C72B2EC41E2D7A2100E0292C /* Main.storyboard */; };
		C72B2EC81E2D7A2100E0292C /* Assets.xcassets in Resources */ = {isa = PBXBuildFile; fileRef = C72B2EC71E2D7A2100E0292C /* Assets.xcassets */; };
		C72B2ECB1E2D7A2100E0292C /* LaunchScreen.storyboard in Resources */ = {isa = PBXBuildFile; fileRef = C72B2EC91E2D7A2100E0292C /* LaunchScreen.storyboard */; };
/* End PBXBuildFile section */

/* Begin PBXFileReference section */
		C72B2EBD1E2D7A2100E0292C /* TestGit04.app */ = {isa = PBXFileReference; explicitFileType = wrapper.application; includeInIndex = 0; path = TestGit04.app; sourceTree = BUILT_PRODUCTS_DIR; };
		C72B2EC01E2D7A2100E0292C /* AppDelegate.swift */ = {isa = PBXFileReference; lastKnownFileType = sourcecode.swift; path = AppDelegate.swift; sourceTree = "<group>"; };
		C72B2EC21E2D7A2100E0292C /* ViewController.swift */ = {isa = PBXFileReference; lastKnownFileType = sourcecode.swift; path = ViewController.swift; sourceTree = "<group>"; };
		C72B2EC51E2D7A2100E0292C /* Base */ = {isa = PBXFileReference; lastKnownFileType = file.storyboard; name = Base; path = Base.lproj/Main.storyboard; sourceTree = "<group>"; };
		C72B2EC71E2D7A2100E0292C /* Assets.xcassets */ = {isa = PBXFileReference; lastKnownFileType = folder.assetcatalog; path = Assets.xcassets; sourceTree = "<group>"; };
		C72B2ECA1E2D7A2100E0292C /* Base */ = {isa = PBXFileReference; lastKnownFileType = file.storyboard; name = Base; path = Base.lproj/LaunchScreen.storyboard; sourceTree = "<group>"; };
		C72B2ECC1E2D7A2100E0292C /* Info.plist */ = {isa = PBXFileReference; lastKnownFileType = text.plist.xml; path = Info.plist; sourceTree = "<group>"; };
/* End PBXFileReference section */

/* Begin PBXFrameworksBuildPhase section */
		C72B2EBA1E2D7A2100E0292C /* Frameworks */ = {
			isa = PBXFrameworksBuildPhase;
			buildActionMask = 2147483647;
			files = (
			);
			runOnlyForDeploymentPostprocessing = 0;
		};
/* End PBXFrameworksBuildPhase section */

/* Begin PBXGroup section */
		C72B2EB41E2D7A2000E0292C = {
			isa = PBXGroup;
			children = (
				C72B2EBF1E2D7A2100E0292C /* TestGit04 */,
				C72B2EBE1E2D7A2100E0292C /* Products */,
			);
			sourceTree = "<group>";
		};
		C72B2EBE1E2D7A2100E0292C /* Products */ = {
			isa = PBXGroup;
			children = (
				C72B2EBD1E2D7A2100E0292C /* TestGit04.app */,
			);
			name = Products;
			sourceTree = "<group>";
		};
		C72B2EBF1E2D7A2100E0292C /* TestGit04 */ = {
			isa = PBXGroup;
			children = (
				C72B2EC01E2D7A2100E0292C /* AppDelegate.swift */,
				C72B2EC21E2D7A2100E0292C /* ViewController.swift */,
				C72B2EC41E2D7A2100E0292C /* Main.storyboard */,
				C72B2EC71E2D7A2100E0292C /* Assets.xcassets */,
				C72B2EC91E2D7A2100E0292C /* LaunchScreen.storyboard */,
				C72B2ECC1E2D7A2100E0292C /* Info.plist */,
			);
			path = TestGit04;
			sourceTree = "<group>";
		};
/* End PBXGroup section */

/* Begin PBXNativeTarget section */
		C72B2EBC1E2D7A2100E0292C /* TestGit04 */ = {
			isa = PBXNativeTarget;
			buildConfigurationList = C72B2ECF1E2D7A2100E0292C /* Build configuration list for PBXNativeTarget "TestGit04" */;
			buildPhases = (
				C72B2EB91E2D7A2100E0292C /* Sources */,
				C72B2EBA1E2D7A2100E0292C /* Frameworks */,
				C72B2EBB1E2D7A2100E0292C /* Resources */,
			);
			buildRules = (
			);
			dependencies = (
			);
			name = TestGit04;
			productName = TestGit04;
			productReference = C72B2EBD1E2D7A2100E0292C /* TestGit04.app */;
			productType = "com.apple.product-type.application";
		};
/* End PBXNativeTarget section */

/* Begin PBXProject section */
		C72B2EB51E2D7A2000E0292C /* Project object */ = {
			isa = PBXProject;
			attributes = {
				LastSwiftUpdateCheck = 0820;
				LastUpgradeCheck = 0820;
				ORGANIZATIONNAME = Joopooli;
				TargetAttributes = {
					C72B2EBC1E2D7A2100E0292C = {
						CreatedOnToolsVersion = 8.2.1;
						DevelopmentTeam = 4KBRQGT6BP;
						ProvisioningStyle = Automatic;
					};
				};
			};
			buildConfigurationList = C72B2EB81E2D7A2000E0292C /* Build configuration list for PBXProject "TestGit04" */;
			compatibilityVersion = "Xcode 3.2";
			developmentRegion = English;
			hasScannedForEncodings = 0;
			knownRegions = (
				en,
				Base,
			);
			mainGroup = C72B2EB41E2D7A2000E0292C;
			productRefGroup = C72B2EBE1E2D7A2100E0292C /* Products */;
			projectDirPath = "";
			projectRoot = "";
			targets = (
				C72B2EBC1E2D7A2100E0292C /* TestGit04 */,
			);
		};
/* End PBXProject section */

/* Begin PBXResourcesBuildPhase section */
		C72B2EBB1E2D7A2100E0292C /* Resources */ = {
			isa = PBXResourcesBuildPhase;
			buildActionMask = 2147483647;
			files = (
				C72B2ECB1E2D7A2100E0292C /* LaunchScreen.storyboard in Resources */,
				C72B2EC81E2D7A2100E0292C /* Assets.xcassets in Resources */,
				C72B2EC61E2D7A2100E0292C /* Main.storyboard in Resources */,
			);
			runOnlyForDeploymentPostprocessing = 0;
		};
/* End PBXResourcesBuildPhase section */

/* Begin PBXSourcesBuildPhase section */
		C72B2EB91E2D7A2100E0292C /* Sources */ = {
			isa = PBXSourcesBuildPhase;
			buildActionMask = 2147483647;
			files = (
				C72B2EC31E2D7A2100E0292C /* ViewController.swift in Sources */,
				C72B2EC11E2D7A2100E0292C /* AppDelegate.swift in Sources */,
			);
			runOnlyForDeploymentPostprocessing = 0;
		};
/* End PBXSourcesBuildPhase section */

/* Begin PBXVariantGroup section */
		C72B2EC41E2D7A2100E0292C /* Main.storyboard */ = {
			isa = PBXVariantGroup;
			children = (
				C72B2EC51E2D7A2100E0292C /* Base */,
			);
			name = Main.storyboard;
			sourceTree = "<group>";
		};
		C72B2EC91E2D7A2100E0292C /* LaunchScreen.storyboard */ = {
			isa = PBXVariantGroup;
			children = (
				C72B2ECA1E2D7A2100E0292C /* Base */,
			);
			name = LaunchScreen.storyboard;
			sourceTree = "<group>";
		};
/* End PBXVariantGroup section */

/* Begin XCBuildConfiguration section */
		C72B2ECD1E2D7A2100E0292C /* Debug */ = {
			isa = XCBuildConfiguration;
			buildSettings = {
				ALWAYS_SEARCH_USER_PATHS = NO;
				CLANG_ANALYZER_NONNULL = YES;
				CLANG_CXX_LANGUAGE_STANDARD = "gnu++0x";
				CLANG_CXX_LIBRARY = "libc++";
				CLANG_ENABLE_MODULES = YES;
				CLANG_ENABLE_OBJC_ARC = YES;
				CLANG_WARN_BOOL_CONVERSION = YES;
				CLANG_WARN_CONSTANT_CONVERSION = YES;
				CLANG_WARN_DIRECT_OBJC_ISA_USAGE = YES_ERROR;
				CLANG_WARN_DOCUMENTATION_COMMENTS = YES;
				CLANG_WARN_EMPTY_BODY = YES;
				CLANG_WARN_ENUM_CONVERSION = YES;
				CLANG_WARN_INFINITE_RECURSION = YES;
				CLANG_WARN_INT_CONVERSION = YES;
				CLANG_WARN_OBJC_ROOT_CLASS = YES_ERROR;
				CLANG_WARN_SUSPICIOUS_MOVE = YES;
				CLANG_WARN_UNREACHABLE_CODE = YES;
				CLANG_WARN__DUPLICATE_METHOD_MATCH = YES;
				"CODE_SIGN_IDENTITY[sdk=iphoneos*]" = "iPhone Developer";
				COPY_PHASE_STRIP = NO;
				DEBUG_INFORMATION_FORMAT = dwarf;
				ENABLE_STRICT_OBJC_MSGSEND = YES;
				ENABLE_TESTABILITY = YES;
				GCC_C_LANGUAGE_STANDARD = gnu99;
				GCC_DYNAMIC_NO_PIC = NO;
				GCC_NO_COMMON_BLOCKS = YES;
				GCC_OPTIMIZATION_LEVEL = 0;
				GCC_PREPROCESSOR_DEFINITIONS = (
					"DEBUG=1",
					"$(inherited)",
				);
				GCC_WARN_64_TO_32_BIT_CONVERSION = YES;
				GCC_WARN_ABOUT_RETURN_TYPE = YES_ERROR;
				GCC_WARN_UNDECLARED_SELECTOR = YES;
				GCC_WARN_UNINITIALIZED_AUTOS = YES_AGGRESSIVE;
				GCC_WARN_UNUSED_FUNCTION = YES;
				GCC_WARN_UNUSED_VARIABLE = YES;
				IPHONEOS_DEPLOYMENT_TARGET = 10.2;
				MTL_ENABLE_DEBUG_INFO = YES;
				ONLY_ACTIVE_ARCH = YES;
				SDKROOT = iphoneos;
				SWIFT_ACTIVE_COMPILATION_CONDITIONS = DEBUG;
				SWIFT_OPTIMIZATION_LEVEL = "-Onone";
				TARGETED_DEVICE_FAMILY = "1,2";
			};
			name = Debug;
		};
		C72B2ECE1E2D7A2100E0292C /* Release */ = {
			isa = XCBuildConfiguration;
			buildSettings = {
				ALWAYS_SEARCH_USER_PATHS = NO;
				CLANG_ANALYZER_NONNULL = YES;
				CLANG_CXX_LANGUAGE_STANDARD = "gnu++0x";
				CLANG_CXX_LIBRARY = "libc++";
				CLANG_ENABLE_MODULES = YES;
				CLANG_ENABLE_OBJC_ARC = YES;
				CLANG_WARN_BOOL_CONVERSION = YES;
				CLANG_WARN_CONSTANT_CONVERSION = YES;
				CLANG_WARN_DIRECT_OBJC_ISA_USAGE = YES_ERROR;
				CLANG_WARN_DOCUMENTATION_COMMENTS = YES;
				CLANG_WARN_EMPTY_BODY = YES;
				CLANG_WARN_ENUM_CONVERSION = YES;
				CLANG_WARN_INFINITE_RECURSION = YES;
				CLANG_WARN_INT_CONVERSION = YES;
				CLANG_WARN_OBJC_ROOT_CLASS = YES_ERROR;
				CLANG_WARN_SUSPICIOUS_MOVE = YES;
				CLANG_WARN_UNREACHABLE_CODE = YES;
				CLANG_WARN__DUPLICATE_METHOD_MATCH = YES;
				"CODE_SIGN_IDENTITY[sdk=iphoneos*]" = "iPhone Developer";
				COPY_PHASE_STRIP = NO;
				DEBUG_INFORMATION_FORMAT = "dwarf-with-dsym";
				ENABLE_NS_ASSERTIONS = NO;
				ENABLE_STRICT_OBJC_MSGSEND = YES;
				GCC_C_LANGUAGE_STANDARD = gnu99;
				GCC_NO_COMMON_BLOCKS = YES;
				GCC_WARN_64_TO_32_BIT_CONVERSION = YES;
				GCC_WARN_ABOUT_RETURN_TYPE = YES_ERROR;
				GCC_WARN_UNDECLARED_SELECTOR = YES;
				GCC_WARN_UNINITIALIZED_AUTOS = YES_AGGRESSIVE;
				GCC_WARN_UNUSED_FUNCTION = YES;
				GCC_WARN_UNUSED_VARIABLE = YES;
				IPHONEOS_DEPLOYMENT_TARGET = 10.2;
				MTL_ENABLE_DEBUG_INFO = NO;
				SDKROOT = iphoneos;
				SWIFT_OPTIMIZATION_LEVEL = "-Owholemodule";
				TARGETED_DEVICE_FAMILY = "1,2";
				VALIDATE_PRODUCT = YES;
			};
			name = Release;
		};
		C72B2ED01E2D7A2100E0292C /* Debug */ = {
			isa = XCBuildConfiguration;
			buildSettings = {
				ASSETCATALOG_COMPILER_APPICON_NAME = AppIcon;
				DEVELOPMENT_TEAM = 4KBRQGT6BP;
				INFOPLIST_FILE = TestGit04/Info.plist;
				LD_RUNPATH_SEARCH_PATHS = "$(inherited) @executable_path/Frameworks";
				PRODUCT_BUNDLE_IDENTIFIER = com.ASJ.TestGit04;
				PRODUCT_NAME = "$(TARGET_NAME)";
				SWIFT_VERSION = 3.0;
			};
			name = Debug;
		};
		C72B2ED11E2D7A2100E0292C /* Release */ = {
			isa = XCBuildConfiguration;
			buildSettings = {
				ASSETCATALOG_COMPILER_APPICON_NAME = AppIcon;
				DEVELOPMENT_TEAM = 4KBRQGT6BP;
				INFOPLIST_FILE = TestGit04/Info.plist;
				LD_RUNPATH_SEARCH_PATHS = "$(inherited) @executable_path/Frameworks";
				PRODUCT_BUNDLE_IDENTIFIER = com.ASJ.TestGit04;
				PRODUCT_NAME = "$(TARGET_NAME)";
				SWIFT_VERSION = 3.0;
			};
			name = Release;
		};
/* End XCBuildConfiguration section */

/* Begin XCConfigurationList section */
		C72B2EB81E2D7A2000E0292C /* Build configuration list for PBXProject "TestGit04" */ = {
			isa = XCConfigurationList;
			buildConfigurations = (
				C72B2ECD1E2D7A2100E0292C /* Debug */,
				C72B2ECE1E2D7A2100E0292C /* Release */,
			);
			defaultConfigurationIsVisible = 0;
			defaultConfigurationName = Release;
		};
		C72B2ECF1E2D7A2100E0292C /* Build configuration list for PBXNativeTarget "TestGit04" */ = {
			isa = XCConfigurationList;
			buildConfigurations = (
				C72B2ED01E2D7A2100E0292C /* Debug */,
				C72B2ED11E2D7A2100E0292C /* Release */,
			);
			defaultConfigurationIsVisible = 0;
		};
/* End XCConfigurationList section */
	};
	rootObject = C72B2EB51E2D7A2000E0292C /* Project object */;
}
